{
    "_meta": {
        "hash": {
            "sha256": "8a9599d71ac3b4161d81ab55a2af70eeb05d64365d542c20ed48fa230d99e950"
        },
        "pipfile-spec": 6,
        "requires": {
            "python_version": "3.6.8"
        },
        "sources": [
            {
                "name": "pypi",
                "url": "https://pypi.org/simple",
                "verify_ssl": true
            }
        ]
    },
    "default": {
        "cairocffi": {
            "hashes": [
                "sha256:f1c0c5878f74ac9ccb5d48b2601fcc75390c881ce476e79f4cfedd288b1b05db"
            ],
            "version": "==1.1.0"
        },
        "cairosvg": {
            "hashes": [
                "sha256:4e668f96653326780036ebb0a9ff2bb59a8443d7bcfc51a14aab77b57a8e67ad",
                "sha256:9cb1df7e9bc60f75fb87f67940a8fb805aad544337a67a40b67c05cfe33711a2"
            ],
            "version": "==2.4.2"
        },
        "cffi": {
            "hashes": [
                "sha256:001bf3242a1bb04d985d63e138230802c6c8d4db3668fb545fb5005ddf5bb5ff",
                "sha256:00789914be39dffba161cfc5be31b55775de5ba2235fe49aa28c148236c4e06b",
                "sha256:028a579fc9aed3af38f4892bdcc7390508adabc30c6af4a6e4f611b0c680e6ac",
                "sha256:14491a910663bf9f13ddf2bc8f60562d6bc5315c1f09c704937ef17293fb85b0",
                "sha256:1cae98a7054b5c9391eb3249b86e0e99ab1e02bb0cc0575da191aedadbdf4384",
                "sha256:2089ed025da3919d2e75a4d963d008330c96751127dd6f73c8dc0c65041b4c26",
                "sha256:2d384f4a127a15ba701207f7639d94106693b6cd64173d6c8988e2c25f3ac2b6",
                "sha256:337d448e5a725bba2d8293c48d9353fc68d0e9e4088d62a9571def317797522b",
                "sha256:399aed636c7d3749bbed55bc907c3288cb43c65c4389964ad5ff849b6370603e",
                "sha256:3b911c2dbd4f423b4c4fcca138cadde747abdb20d196c4a48708b8a2d32b16dd",
                "sha256:3d311bcc4a41408cf5854f06ef2c5cab88f9fded37a3b95936c9879c1640d4c2",
                "sha256:62ae9af2d069ea2698bf536dcfe1e4eed9090211dbaafeeedf5cb6c41b352f66",
                "sha256:66e41db66b47d0d8672d8ed2708ba91b2f2524ece3dee48b5dfb36be8c2f21dc",
                "sha256:675686925a9fb403edba0114db74e741d8181683dcf216be697d208857e04ca8",
                "sha256:7e63cbcf2429a8dbfe48dcc2322d5f2220b77b2e17b7ba023d6166d84655da55",
                "sha256:8a6c688fefb4e1cd56feb6c511984a6c4f7ec7d2a1ff31a10254f3c817054ae4",
                "sha256:8c0ffc886aea5df6a1762d0019e9cb05f825d0eec1f520c51be9d198701daee5",
                "sha256:95cd16d3dee553f882540c1ffe331d085c9e629499ceadfbda4d4fde635f4b7d",
                "sha256:99f748a7e71ff382613b4e1acc0ac83bf7ad167fb3802e35e90d9763daba4d78",
                "sha256:b8c78301cefcf5fd914aad35d3c04c2b21ce8629b5e4f4e45ae6812e461910fa",
                "sha256:c420917b188a5582a56d8b93bdd8e0f6eca08c84ff623a4c16e809152cd35793",
                "sha256:c43866529f2f06fe0edc6246eb4faa34f03fe88b64a0a9a942561c8e22f4b71f",
                "sha256:cab50b8c2250b46fe738c77dbd25ce017d5e6fb35d3407606e7a4180656a5a6a",
                "sha256:cef128cb4d5e0b3493f058f10ce32365972c554572ff821e175dbc6f8ff6924f",
                "sha256:cf16e3cf6c0a5fdd9bc10c21687e19d29ad1fe863372b5543deaec1039581a30",
                "sha256:e56c744aa6ff427a607763346e4170629caf7e48ead6921745986db3692f987f",
                "sha256:e577934fc5f8779c554639376beeaa5657d54349096ef24abe8c74c5d9c117c3",
                "sha256:f2b0fa0c01d8a0c7483afd9f31d7ecf2d71760ca24499c8697aeb5ca37dc090c"
            ],
            "version": "==1.14.0"
        },
        "cssselect2": {
            "hashes": [
                "sha256:5c2716f06b5de93f701d5755a9666f2ee22cbcd8b4da8adddfc30095ffea3abc",
                "sha256:97d7d4234f846f9996d838964d38e13b45541c18143bc55cf00e4bc1281ace76"
            ],
            "version": "==0.3.0"
        },
        "defusedxml": {
            "hashes": [
                "sha256:6687150770438374ab581bb7a1b327a847dd9c5749e396102de3fad4e8a3ef93",
                "sha256:f684034d135af4c6cbb949b8a4d2ed61634515257a67299e5f940fbaa34377f5"
            ],
            "version": "==0.6.0"
        },
        "django": {
            "hashes": [
                "sha256:84f370f6acedbe1f3c41e1a02de44ac206efda3355e427139ecb785b5f596d80",
                "sha256:e8fe3c2b2212dce6126becab7a693157f1a441a07b62ec994c046c76af5bb66d"
            ],
            "index": "pypi",
            "version": "==2.2.13"
        },
        "django-extensions": {
            "hashes": [
                "sha256:4aafdb865104eaa5d681b9976b36c52c9d441be89b7d782e40808f1c5c0c8f93",
                "sha256:8a2552fdeb222b23895ef52cdc28fc56efba976f6da07ca92937f6f5e626e345"
            ],
            "index": "pypi",
            "version": "==2.2.1"
        },
        "gunicorn": {
            "hashes": [
                "sha256:aa8e0b40b4157b36a5df5e599f45c9c76d6af43845ba3b3b0efe2c70473c2471",
                "sha256:fa2662097c66f920f53f70621c6c58ca4a3c4d3434205e608e121b5b3b71f4f3"
            ],
            "index": "pypi",
            "version": "==19.9.0"
        },
        "html5lib": {
            "hashes": [
                "sha256:20b159aa3badc9d5ee8f5c647e5efd02ed2a66ab8d354930bd9ff139fc1dc0a3",
                "sha256:66cb0dcfdbbc4f9c3ba1a63fdb511ffdbd4f513b2b6d81b80cd26ce6b3fb3736"
            ],
            "version": "==1.0.1"
        },
        "pillow": {
            "hashes": [
                "sha256:04766c4930c174b46fd72d450674612ab44cca977ebbcc2dde722c6933290107",
                "sha256:0e2a3bceb0fd4e0cb17192ae506d5f082b309ffe5fc370a5667959c9b2f85fa3",
                "sha256:0f01e63c34f0e1e2580cc0b24e86a5ccbbfa8830909a52ee17624c4193224cd9",
                "sha256:12e4bad6bddd8546a2f9771485c7e3d2b546b458ae8ff79621214119ac244523",
                "sha256:1f694e28c169655c50bb89a3fa07f3b854d71eb47f50783621de813979ba87f3",
                "sha256:3d25dd8d688f7318dca6d8cd4f962a360ee40346c15893ae3b95c061cdbc4079",
                "sha256:4b02b9c27fad2054932e89f39703646d0c543f21d3cc5b8e05434215121c28cd",
                "sha256:9744350687459234867cbebfe9df8f35ef9e1538f3e729adbd8fde0761adb705",
                "sha256:a0b49960110bc6ff5fead46013bcb8825d101026d466f3a4de3476defe0fb0dd",
                "sha256:ae2b270f9a0b8822b98655cb3a59cdb1bd54a34807c6c56b76dd2e786c3b7db3",
                "sha256:b37bb3bd35edf53125b0ff257822afa6962649995cbdfde2791ddb62b239f891",
                "sha256:b532bcc2f008e96fd9241177ec580829dee817b090532f43e54074ecffdcd97f",
                "sha256:b67a6c47ed963c709ed24566daa3f95a18f07d3831334da570c71da53d97d088",
                "sha256:b943e71c2065ade6fef223358e56c167fc6ce31c50bc7a02dd5c17ee4338e8ac",
                "sha256:ccc9ad2460eb5bee5642eaf75a0438d7f8887d484490d5117b98edd7f33118b7",
                "sha256:d23e2aa9b969cf9c26edfb4b56307792b8b374202810bd949effd1c6e11ebd6d",
                "sha256:eaa83729eab9c60884f362ada982d3a06beaa6cc8b084cf9f76cae7739481dfa",
                "sha256:ee94fce8d003ac9fd206496f2707efe9eadcb278d94c271f129ab36aa7181344",
                "sha256:f455efb7a98557412dc6f8e463c1faf1f1911ec2432059fa3e582b6000fc90e2",
                "sha256:f46e0e024346e1474083c729d50de909974237c72daca05393ee32389dabe457",
                "sha256:f54be399340aa602066adb63a86a6a5d4f395adfdd9da2b9a0162ea808c7b276",
                "sha256:f784aad988f12c80aacfa5b381ec21fd3f38f851720f652b9f33facc5101cf4d"
            ],
            "version": "==7.1.2"
        },
        "psycopg2-binary": {
            "hashes": [
                "sha256:080c72714784989474f97be9ab0ddf7b2ad2984527e77f2909fcd04d4df53809",
                "sha256:110457be80b63ff4915febb06faa7be002b93a76e5ba19bf3f27636a2ef58598",
                "sha256:171352a03b22fc099f15103959b52ee77d9a27e028895d7e5fde127aa8e3bac5",
                "sha256:19d013e7b0817087517a4b3cab39c084d78898369e5c46258aab7be4f233d6a1",
                "sha256:249b6b21ae4eb0f7b8423b330aa80fab5f821b9ffc3f7561a5e2fd6bb142cf5d",
                "sha256:2ac0731d2d84b05c7bb39e85b7e123c3a0acd4cda631d8d542802c88deb9e87e",
                "sha256:2b6d561193f0dc3f50acfb22dd52ea8c8dfbc64bcafe3938b5f209cc17cb6f00",
                "sha256:2bd23e242e954214944481124755cbefe7c2cf563b1a54cd8d196d502f2578bf",
                "sha256:3e1239242ca60b3725e65ab2f13765fc199b03af9eaf1b5572f0e97bdcee5b43",
                "sha256:3eb70bb697abbe86b1d2b1316370c02ba320bfd1e9e35cf3b9566a855ea8e4e5",
                "sha256:51a2fc7e94b98bd1bb5d4570936f24fc2b0541b63eccadf8fdea266db8ad2f70",
                "sha256:52f1bdafdc764b7447e393ed39bb263eccb12bfda25a4ac06d82e3a9056251f6",
                "sha256:5b3581319a3951f1e866f4f6c5e42023db0fae0284273b82e97dfd32c51985cd",
                "sha256:63c1b66e3b2a3a336288e4bcec499e0dc310cd1dceaed1c46fa7419764c68877",
                "sha256:8123a99f24ecee469e5c1339427bcdb2a33920a18bb5c0d58b7c13f3b0298ba3",
                "sha256:85e699fcabe7f817c0f0a412d4e7c6627e00c412b418da7666ff353f38e30f67",
                "sha256:8dbff4557bbef963697583366400822387cccf794ccb001f1f2307ed21854c68",
                "sha256:908d21d08d6b81f1b7e056bbf40b2f77f8c499ab29e64ec5113052819ef1c89b",
                "sha256:af39d0237b17d0a5a5f638e9dffb34013ce2b1d41441fd30283e42b22d16858a",
                "sha256:af51bb9f055a3f4af0187149a8f60c9d516cf7d5565b3dac53358796a8fb2a5b",
                "sha256:b2ecac57eb49e461e86c092761e6b8e1fd9654dbaaddf71a076dcc869f7014e2",
                "sha256:cd37cc170678a4609becb26b53a2bc1edea65177be70c48dd7b39a1149cabd6e",
                "sha256:d17e3054b17e1a6cb8c1140f76310f6ede811e75b7a9d461922d2c72973f583e",
                "sha256:d305313c5a9695f40c46294d4315ed3a07c7d2b55e48a9010dad7db7a66c8b7f",
                "sha256:dd0ef0eb1f7dd18a3f4187226e226a7284bda6af5671937a221766e6ef1ee88f",
                "sha256:e1adff53b56db9905db48a972fb89370ad5736e0450b96f91bcf99cadd96cfd7",
                "sha256:f0d43828003c82dbc9269de87aa449e9896077a71954fbbb10a614c017e65737",
                "sha256:f78e8b487de4d92640105c1389e5b90be3496b1d75c90a666edd8737cc2dbab7"
            ],
            "index": "pypi",
            "version": "==2.8.3"
        },
        "py-mini-racer": {
            "hashes": [
                "sha256:03c7d1e4670f6b16ad1d6eefdc0f3a5614f3a60a5ac40f02fc6abc544090c1a5",
                "sha256:06679047adccb05188d302e81a62bafcad36c7d17ae16d189e359987fe6e3ea7",
                "sha256:0cc74d8308f0a99d5524032de403b9d00e78c7b4b70b3a671a11f2a380a7ed31",
                "sha256:3fc48a5f63bbe5728f354fde0898dd4111613df287db945e2d38eea637b50fbd",
                "sha256:428afc3a4b1e0b2c49f2646fe2c518b96303a0a0594e6d02ac4e9e07bcffc829",
                "sha256:48a53e43963008b41c6b76c28285e4f699c7d0bd1e71164db0605357f59ee8e3",
                "sha256:49ecd95d590ecbbf98451d8c4841fbca0b3ba6b73be30fa589f228de9f6bedcd",
                "sha256:541884328cf033977eed0b5796058812ec7f954eb612e46b742cb1c72082fc4f",
                "sha256:5b59404c4753db77dce7fc60c37c4c70ae244070a6210b6e5c59895ba4dc0db7",
                "sha256:6ba3c6e621ebab2413091d894ac56d3309c364f24f7b6a4b3353b89c8b3f6fba",
                "sha256:8c914f39c86ca17fb827a651f79195436929dd89a81597892b5a394c418e8c76",
                "sha256:8cf948400a13e9eae0eb04fb653f6e65942ec84caa54bde52902d9ff9f5afc0a",
                "sha256:91b5bb41286e2fab8a995d5204a05fc28aebe9abb7e66f069ed9bb4dc72c2f0d",
                "sha256:975faa558fb0f2cabe94c4090866a668403d48aa4f3beca5f76b3c06590dbcba",
                "sha256:a1680a19b1bdaf60e8d64c278a2da7abcf7d17872ade99614cc2fd13bea286f3",
                "sha256:a9b9590b314b11777ea26cb751925eea80ec4953c71fdedc0c865e20e57f7f1e",
                "sha256:ae654457b52d79965c4763893d1ac2a91db33b5b07dc7a1c5b6e328d5d8631ec",
                "sha256:b74377deacb7f7a14cfb44c0a4f4b036269287c8c1064888e52a271d1e5705b5",
                "sha256:be887b1b28548e54323aa5b2509397afacbcc2f5d854384f3848161a33b62d11",
                "sha256:c1a2a4e62eec80a7c630e2decf5b8909671737851840aa85aaca79cc0fd702cf",
                "sha256:c7982e983571e8083a51dc3fa8dd500581fdaa6c4b4f952bb07d0d1569b00744",
                "sha256:ce61f537b7119668c7ad111756695331e0c895e9e8cbc2f09fb68b7910809167",
                "sha256:d9824e9ad786e22dce1ee77e31ad484df28d727c55d80c1fbde8d45bf3fd6c45",
                "sha256:ddfb9ea40fbc5bbe6ae51765b16226f4db795f4478215d570371a223d6bc782c",
                "sha256:df1f263fe31e05dab56eaec6a25dee0ff07d9be58cdffaa91b17bfad48e44f1f",
                "sha256:f64955ad1cafa52247cc46e5b89d2338bf6a400bffe638154874b7d8c534bd5f",
                "sha256:fadef1719dfe3876cd4c1b4271e52f0720f7880fbbc424e1d4e2cdd7f43b0618",
                "sha256:fdfd7dbf8164a721688ede5e08e6d6afa258d26a9583309d677b3624bf9df5bd"
            ],
            "version": "==0.2.0"
        },
        "pycparser": {
            "hashes": [
                "sha256:2d475327684562c3a96cc71adf7dc8c4f0565175cf86b6d7a404ff4c771f15f0",
                "sha256:7582ad22678f0fcd81102833f60ef8d0e57288b6b5fb00323d101be910e35705"
            ],
            "version": "==2.20"
        },
        "pyphen": {
            "hashes": [
                "sha256:3b633a50873156d777e1f1075ba4d8e96a6ad0a3ca42aa3ea9a6259f93f18921",
                "sha256:e172faf10992c8c9d369bdc83e36dbcf1121f4ed0d881f1a0b521935aee583b5"
            ],
            "version": "==0.9.5"
        },
        "python-decouple": {
            "hashes": [
                "sha256:1317df14b43efee4337a4aa02914bf004f010cd56d6c4bd894e6474ec8c4fe2d"
            ],
            "index": "pypi",
            "version": "==3.1"
        },
        "pytz": {
            "hashes": [
                "sha256:a494d53b6d39c3c6e44c3bec237336e14305e4f29bbf800b599253057fbb79ed",
                "sha256:c35965d010ce31b23eeb663ed3cc8c906275d6be1a34393a1d73a41febf4a048"
            ],
            "version": "==2020.1"
        },
        "six": {
            "hashes": [
                "sha256:30639c035cdb23534cd4aa2dd52c3bf48f06e5f4a941509c8bafd8ce11080259",
                "sha256:8b74bedcbbbaca38ff6d7491d76f2b06b3592611af620f8426e82dddb04a5ced"
            ],
            "version": "==1.15.0"
        },
        "sq-native": {
            "hashes": [
                "sha256:0ce4ad4be41a041681b7e38f412de1c33b5221f8720fefe32f75bf02ae84c51f",
                "sha256:20dd987afc3a9a86541c1c734deebf805e8a52f99f223282f68ce7b7ff759a7e",
                "sha256:46a42f8762f2fe9a9b91dd0f0fe4dd4a9e85e982a691d7d9dabde1e129e887a3",
                "sha256:47fa97304ae6bff1bbc528fb2a3a2ac838946a6270507a5161c444014600e2d4",
                "sha256:543d9fe888ca16bc794689719e99d3580a4e11dc37f528209687a7532cdc8881",
                "sha256:6aab56434aba07cff52d1fde93c403cc0baa2e9a37f9311370cf3f72e2c29864",
                "sha256:6f120b1f7f395891258173541db8c42618d75ffd846ab1921c4cd96881b7ff27",
                "sha256:7ff598dc37063bbe17f72979a95948f80b0abae86ce847109753c1a664f8276c",
                "sha256:85e5294030ed6568652a116f4301e3187e175332a5906cfd61d2a46007a6e0f6",
                "sha256:8d4afd472069852cde1ee80b8f6a3685e06461a784f64f9b626c88f2b7cf55dc",
                "sha256:8d5d9559e1c7fcc0794ab59b7202d1cd7e0690fcb9281da3bb7fb5cba76562ec",
                "sha256:9ac0334b58fa21e209a5b156691ebce369b56a8fadfe98c660e03e8330938404",
                "sha256:ac76c563771d4db705e8a4bdc417afe2896cbe98a916968705d5f7d96863d367",
                "sha256:af55e0448d4bd412072d1c5c43add0b85766b22a4446b7e1fb8e3337d8801632",
                "sha256:b3813401e12a8aaadfee98065e358c0637fac7bf8b8af5a628edfd1a10227492",
                "sha256:b47d8ac5cdc03c29e0c83308c53faa6f14910cfa1ecc6e7c6e3272fe0633ac11",
                "sha256:c4c39dabb718875c5a0d1cefd4517f1ec0d69583fcb134ed21376f7316a3db36",
                "sha256:d9f84d07f008b0f439ab6a7da52408fe71bd77632ef54ce86f771932f0f3813f",
                "sha256:e8867b222938ce2401c25a4b43579ef5de497a36951b56b664416e9de1c2c379",
                "sha256:f153dfa5429e6c641f383c2156585ad2dc44a2b96198d5e81130b413453a3399",
                "sha256:f5833081daee26a1f31c09d22fbef02351aa02a7d5b018f6440cec3c828f9fb6",
                "sha256:f830e3d2d481b22adaa51bc52e3e1c6867892322dbf97dc25c6090aca84bc3e6"
            ],
            "version": "==0.6.1.0.1"
        },
        "sqlparse": {
            "hashes": [
                "sha256:022fb9c87b524d1f7862b3037e541f68597a730a8843245c349fc93e1643dc4e",
                "sha256:e162203737712307dfe78860cc56c8da8a852ab2ee33750e33aeadf38d12c548"
            ],
            "version": "==0.3.1"
        },
        "sqreen": {
            "hashes": [
                "sha256:5aac5586503ae1a6e579f1e3e18c07ceb205ba80b0829dd15b3559d8ec3d19e1",
                "sha256:959b268402a1fcbad182a889ca9b75f6079eed24f50d527e4ed0301363d9fec7"
            ],
            "index": "pypi",
            "version": "==1.15.3"
        },
        "tinycss2": {
            "hashes": [
                "sha256:6427d0e3faa0a5e0e8c9f6437e2de26148a7a197a8b0992789f23d9a802788cf",
                "sha256:9fdacc0e22d344ddd2ca053837c133900fe820ae1222f63b79617490a498507a"
            ],
            "version": "==1.0.2"
        },
        "weasyprint": {
            "hashes": [
                "sha256:336f7bfe900b2670fc47d51b770d81e3d8957bde78589ba27fc82b0b71d4ea38",
                "sha256:d847eb4987c1d3251ec0a56e57c753f6d1f1f8894a15707f9ababced21e65bd0"
            ],
            "index": "pypi",
            "version": "==48"
        },
        "webencodings": {
            "hashes": [
                "sha256:a0af1213f3c2226497a97e2b3aa01a7e4bee4f403f95be16fc9acd2947514a78",
                "sha256:b36a1c245f2d304965eb4e0a82848379241dc04b865afcc4aab16748587e1923"
            ],
            "version": "==0.5.1"
        }
    },
    "develop": {}
}
